
Microsoft Visual Studio Solution File, Format Version 12.00
# Visual Studio Version 16
VisualStudioVersion = 16.0.31515.178
MinimumVisualStudioVersion = 10.0.40219.1
Project("{FAE04EC0-301F-11D3-BF4B-00C04F79EFBC}") = "SimplePassword.ConsoleApp", "SimplePassword.ConsoleApp\SimplePassword.ConsoleApp.csproj", "{FA31C03A-AE7F-4BF4-A6DA-5E20F5FC0A2B}"
EndProject
Project("{FAE04EC0-301F-11D3-BF4B-00C04F79EFBC}") = "SimplePassword.Service", "SimplePassword.Service\SimplePassword.Service.csproj", "{57260A85-457F-4B14-9BBE-831C92F09FD9}"
EndProject
Project("{FAE04EC0-301F-11D3-BF4B-00C04F79EFBC}") = "SimplePassword.Tests", "SimplePassword.Tests\SimplePassword.Tests.csproj", "{36E8AEF4-29F7-4968-8FB8-7A8A6359AE78}"
EndProject
Global
	GlobalSection(SolutionConfigurationPlatforms) = preSolution
		Debug|Any CPU = Debug|Any CPU
		Release|Any CPU = Release|Any CPU
	EndGlobalSection
	GlobalSection(ProjectConfigurationPlatforms) = postSolution
		{FA31C03A-AE7F-4BF4-A6DA-5E20F5FC0A2B}.Debug|Any CPU.ActiveCfg = Debug|Any CPU
		{FA31C03A-AE7F-4BF4-A6DA-5E20F5FC0A2B}.Debug|Any CPU.Build.0 = Debug|Any CPU
		{FA31C03A-AE7F-4BF4-A6DA-5E20F5FC0A2B}.Release|Any CPU.ActiveCfg = Release|Any CPU
		{FA31C03A-AE7F-4BF4-A6DA-5E20F5FC0A2B}.Release|Any CPU.Build.0 = Release|Any CPU
		{57260A85-457F-4B14-9BBE-831C92F09FD9}.Debug|Any CPU.ActiveCfg = Debug|Any CPU
		{57260A85-457F-4B14-9BBE-831C92F09FD9}.Debug|Any CPU.Build.0 = Debug|Any CPU
		{57260A85-457F-4B14-9BBE-831C92F09FD9}.Release|Any CPU.ActiveCfg = Release|Any CPU
		{57260A85-457F-4B14-9BBE-831C92F09FD9}.Release|Any CPU.Build.0 = Release|Any CPU
		{36E8AEF4-29F7-4968-8FB8-7A8A6359AE78}.Debug|Any CPU.ActiveCfg = Debug|Any CPU
		{36E8AEF4-29F7-4968-8FB8-7A8A6359AE78}.Debug|Any CPU.Build.0 = Debug|Any CPU
		{36E8AEF4-29F7-4968-8FB8-7A8A6359AE78}.Release|Any CPU.ActiveCfg = Release|Any CPU
		{36E8AEF4-29F7-4968-8FB8-7A8A6359AE78}.Release|Any CPU.Build.0 = Release|Any CPU
	EndGlobalSection
	GlobalSection(SolutionProperties) = preSolution
		HideSolutionNode = FALSE
	EndGlobalSection
	GlobalSection(ExtensibilityGlobals) = postSolution
		SolutionGuid = {1F4594FF-3336-4B95-A909-C36DB809AA0E}
	EndGlobalSection
EndGlobal
